
Microsoft Visual Studio Solution File, Format Version 12.00
# Visual Studio Version 17
VisualStudioVersion = 17.4.33403.182
MinimumVisualStudioVersion = 10.0.40219.1
Project("{FAE04EC0-301F-11D3-BF4B-00C04F79EFBC}") = "sysinfo", "sysinfo.csproj", "{05922278-7D31-4380-AE2C-4451AC9E89D2}"
EndProject
Global
	GlobalSection(SolutionConfigurationPlatforms) = preSolution
		Debug|Any CPU = Debug|Any CPU
		Release|Any CPU = Release|Any CPU
	EndGlobalSection
	GlobalSection(ProjectConfigurationPlatforms) = postSolution
		{05922278-7D31-4380-AE2C-4451AC9E89D2}.Debug|Any CPU.ActiveCfg = Debug|Any CPU
		{05922278-7D31-4380-AE2C-4451AC9E89D2}.Debug|Any CPU.Build.0 = Debug|Any CPU
		{05922278-7D31-4380-AE2C-4451AC9E89D2}.Release|Any CPU.ActiveCfg = Release|Any CPU
		{05922278-7D31-4380-AE2C-4451AC9E89D2}.Release|Any CPU.Build.0 = Release|Any CPU
	EndGlobalSection
	GlobalSection(SolutionProperties) = preSolution
		HideSolutionNode = FALSE
	EndGlobalSection
	GlobalSection(ExtensibilityGlobals) = postSolution
		SolutionGuid = {2A6FF490-507E-432F-849F-6D7B9EB2FA14}
	EndGlobalSection
EndGlobal
