
Microsoft Visual Studio Solution File, Format Version 12.00
# Visual Studio Version 17
VisualStudioVersion = 17.4.33403.182
MinimumVisualStudioVersion = 10.0.40219.1
Project("{FAE04EC0-301F-11D3-BF4B-00C04F79EFBC}") = "day02_calculator", "day02_calculator.csproj", "{C605A021-EEA5-4512-BCD8-18DF56F25567}"
EndProject
Global
	GlobalSection(SolutionConfigurationPlatforms) = preSolution
		Debug|Any CPU = Debug|Any CPU
		Release|Any CPU = Release|Any CPU
	EndGlobalSection
	GlobalSection(ProjectConfigurationPlatforms) = postSolution
		{C605A021-EEA5-4512-BCD8-18DF56F25567}.Debug|Any CPU.ActiveCfg = Debug|Any CPU
		{C605A021-EEA5-4512-BCD8-18DF56F25567}.Debug|Any CPU.Build.0 = Debug|Any CPU
		{C605A021-EEA5-4512-BCD8-18DF56F25567}.Release|Any CPU.ActiveCfg = Release|Any CPU
		{C605A021-EEA5-4512-BCD8-18DF56F25567}.Release|Any CPU.Build.0 = Release|Any CPU
	EndGlobalSection
	GlobalSection(SolutionProperties) = preSolution
		HideSolutionNode = FALSE
	EndGlobalSection
	GlobalSection(ExtensibilityGlobals) = postSolution
		SolutionGuid = {2C7CF2FD-CCA2-4469-9BD8-B9868C5969A4}
	EndGlobalSection
EndGlobal
