
Microsoft Visual Studio Solution File, Format Version 12.00
# Visual Studio Version 17
VisualStudioVersion = 17.4.33403.182
MinimumVisualStudioVersion = 10.0.40219.1
Project("{FAE04EC0-301F-11D3-BF4B-00C04F79EFBC}") = "WMS", "WMS.csproj", "{5AFBBA88-8435-4F55-BF82-12B58E37159E}"
EndProject
Global
	GlobalSection(SolutionConfigurationPlatforms) = preSolution
		Debug|Any CPU = Debug|Any CPU
		Release|Any CPU = Release|Any CPU
	EndGlobalSection
	GlobalSection(ProjectConfigurationPlatforms) = postSolution
		{5AFBBA88-8435-4F55-BF82-12B58E37159E}.Debug|Any CPU.ActiveCfg = Debug|Any CPU
		{5AFBBA88-8435-4F55-BF82-12B58E37159E}.Debug|Any CPU.Build.0 = Debug|Any CPU
		{5AFBBA88-8435-4F55-BF82-12B58E37159E}.Release|Any CPU.ActiveCfg = Release|Any CPU
		{5AFBBA88-8435-4F55-BF82-12B58E37159E}.Release|Any CPU.Build.0 = Release|Any CPU
	EndGlobalSection
	GlobalSection(SolutionProperties) = preSolution
		HideSolutionNode = FALSE
	EndGlobalSection
	GlobalSection(ExtensibilityGlobals) = postSolution
		SolutionGuid = {EF081270-49E8-46C5-937A-69891C484049}
	EndGlobalSection
EndGlobal
