
Microsoft Visual Studio Solution File, Format Version 12.00
# Visual Studio Version 17
VisualStudioVersion = 17.4.33403.182
MinimumVisualStudioVersion = 10.0.40219.1
Project("{FAE04EC0-301F-11D3-BF4B-00C04F79EFBC}") = "TTS_2", "TTS_2.csproj", "{E7F86DB5-D7B6-4CF9-9B51-8B87AE063729}"
EndProject
Global
	GlobalSection(SolutionConfigurationPlatforms) = preSolution
		Debug|Any CPU = Debug|Any CPU
		Release|Any CPU = Release|Any CPU
	EndGlobalSection
	GlobalSection(ProjectConfigurationPlatforms) = postSolution
		{E7F86DB5-D7B6-4CF9-9B51-8B87AE063729}.Debug|Any CPU.ActiveCfg = Debug|Any CPU
		{E7F86DB5-D7B6-4CF9-9B51-8B87AE063729}.Debug|Any CPU.Build.0 = Debug|Any CPU
		{E7F86DB5-D7B6-4CF9-9B51-8B87AE063729}.Release|Any CPU.ActiveCfg = Release|Any CPU
		{E7F86DB5-D7B6-4CF9-9B51-8B87AE063729}.Release|Any CPU.Build.0 = Release|Any CPU
	EndGlobalSection
	GlobalSection(SolutionProperties) = preSolution
		HideSolutionNode = FALSE
	EndGlobalSection
	GlobalSection(ExtensibilityGlobals) = postSolution
		SolutionGuid = {54DB7BCC-B975-4612-B2D2-63F0981AFBE5}
	EndGlobalSection
EndGlobal
